
Microsoft Visual Studio Solution File, Format Version 12.00
# Visual Studio Version 17
VisualStudioVersion = 17.1.32421.90
MinimumVisualStudioVersion = 10.0.40219.1
Project("{FAE04EC0-301F-11D3-BF4B-00C04F79EFBC}") = "BL", "BL\BL.csproj", "{C81BEB49-A09C-4AC4-8E13-2DAFA290CC59}"
EndProject
Project("{FAE04EC0-301F-11D3-BF4B-00C04F79EFBC}") = "ML", "ML\ML.csproj", "{2FFAA9DE-14E7-4117-B6F4-385D3158B2EC}"
EndProject
Project("{FAE04EC0-301F-11D3-BF4B-00C04F79EFBC}") = "DL", "DL\DL.csproj", "{77FCE1D6-2F78-4368-8449-BE6C945886C2}"
EndProject
Project("{FAE04EC0-301F-11D3-BF4B-00C04F79EFBC}") = "PL_MVC", "PL_MVC\PL_MVC.csproj", "{73E5D4AA-18C7-4E99-A061-A808DE2F68B1}"
EndProject
Project("{FAE04EC0-301F-11D3-BF4B-00C04F79EFBC}") = "SL_WebAPI", "SL_WebAPI\SL_WebAPI.csproj", "{FCD7D8C9-E42F-4AA1-B0E5-B1F8F9E8D556}"
EndProject
Global
	GlobalSection(SolutionConfigurationPlatforms) = preSolution
		Debug|Any CPU = Debug|Any CPU
		Release|Any CPU = Release|Any CPU
	EndGlobalSection
	GlobalSection(ProjectConfigurationPlatforms) = postSolution
		{C81BEB49-A09C-4AC4-8E13-2DAFA290CC59}.Debug|Any CPU.ActiveCfg = Debug|Any CPU
		{C81BEB49-A09C-4AC4-8E13-2DAFA290CC59}.Debug|Any CPU.Build.0 = Debug|Any CPU
		{C81BEB49-A09C-4AC4-8E13-2DAFA290CC59}.Release|Any CPU.ActiveCfg = Release|Any CPU
		{C81BEB49-A09C-4AC4-8E13-2DAFA290CC59}.Release|Any CPU.Build.0 = Release|Any CPU
		{2FFAA9DE-14E7-4117-B6F4-385D3158B2EC}.Debug|Any CPU.ActiveCfg = Debug|Any CPU
		{2FFAA9DE-14E7-4117-B6F4-385D3158B2EC}.Debug|Any CPU.Build.0 = Debug|Any CPU
		{2FFAA9DE-14E7-4117-B6F4-385D3158B2EC}.Release|Any CPU.ActiveCfg = Release|Any CPU
		{2FFAA9DE-14E7-4117-B6F4-385D3158B2EC}.Release|Any CPU.Build.0 = Release|Any CPU
		{77FCE1D6-2F78-4368-8449-BE6C945886C2}.Debug|Any CPU.ActiveCfg = Debug|Any CPU
		{77FCE1D6-2F78-4368-8449-BE6C945886C2}.Debug|Any CPU.Build.0 = Debug|Any CPU
		{77FCE1D6-2F78-4368-8449-BE6C945886C2}.Release|Any CPU.ActiveCfg = Release|Any CPU
		{77FCE1D6-2F78-4368-8449-BE6C945886C2}.Release|Any CPU.Build.0 = Release|Any CPU
		{73E5D4AA-18C7-4E99-A061-A808DE2F68B1}.Debug|Any CPU.ActiveCfg = Debug|Any CPU
		{73E5D4AA-18C7-4E99-A061-A808DE2F68B1}.Debug|Any CPU.Build.0 = Debug|Any CPU
		{73E5D4AA-18C7-4E99-A061-A808DE2F68B1}.Release|Any CPU.ActiveCfg = Release|Any CPU
		{73E5D4AA-18C7-4E99-A061-A808DE2F68B1}.Release|Any CPU.Build.0 = Release|Any CPU
		{FCD7D8C9-E42F-4AA1-B0E5-B1F8F9E8D556}.Debug|Any CPU.ActiveCfg = Debug|Any CPU
		{FCD7D8C9-E42F-4AA1-B0E5-B1F8F9E8D556}.Debug|Any CPU.Build.0 = Debug|Any CPU
		{FCD7D8C9-E42F-4AA1-B0E5-B1F8F9E8D556}.Release|Any CPU.ActiveCfg = Release|Any CPU
		{FCD7D8C9-E42F-4AA1-B0E5-B1F8F9E8D556}.Release|Any CPU.Build.0 = Release|Any CPU
	EndGlobalSection
	GlobalSection(SolutionProperties) = preSolution
		HideSolutionNode = FALSE
	EndGlobalSection
	GlobalSection(ExtensibilityGlobals) = postSolution
		SolutionGuid = {07B37364-CF02-4AD8-AD71-04E0FBC0BB51}
	EndGlobalSection
EndGlobal
